
Microsoft Visual Studio Solution File, Format Version 12.00
# Visual Studio Version 16
VisualStudioVersion = 16.0.29215.179
MinimumVisualStudioVersion = 10.0.40219.1
Project("{9A19103F-16F7-4668-BE54-9A1E7A4F7556}") = "DD.DomainGenerator", "DD.DomainGenerator.Domain\DD.DomainGenerator.csproj", "{306CF89A-E8C6-4516-9DC8-E81DA2741F05}"
EndProject
Project("{9A19103F-16F7-4668-BE54-9A1E7A4F7556}") = "DD.Lab.Wpf", "DD.Lab.Wpf\DD.Lab.Wpf.csproj", "{DB9E376E-49A2-4A04-A39F-AB94D501835A}"
EndProject
Project("{9A19103F-16F7-4668-BE54-9A1E7A4F7556}") = "DD.Lab.Services.System", "DD.Lab.Services\DD.Lab.Services.System.csproj", "{8255810A-FAC9-4999-81F8-7F4E67CD4C12}"
EndProject
Project("{9A19103F-16F7-4668-BE54-9A1E7A4F7556}") = "DomainGeneratorUI", "DomainGeneratorUI\DomainGeneratorUI.csproj", "{05B5615F-8394-4E0F-B0F7-5399D1509D7F}"
EndProject
Project("{9A19103F-16F7-4668-BE54-9A1E7A4F7556}") = "DD.Lab.Wpf.Drm", "DD.Lab.Wpf.Drm\DD.Lab.Wpf.Drm.csproj", "{9D45C7A3-6473-4E40-8A5E-54D58A2C5570}"
EndProject
Project("{9A19103F-16F7-4668-BE54-9A1E7A4F7556}") = "UIClient", "UIClient\UIClient.csproj", "{673205D2-2519-4775-8997-89296BEF6E21}"
EndProject
Project("{FAE04EC0-301F-11D3-BF4B-00C04F79EFBC}") = "DD.Basic", "DD.Basic\DD.Basic.csproj", "{8E1DC375-78B8-4610-BE16-A258269736F8}"
EndProject
Global
	GlobalSection(SolutionConfigurationPlatforms) = preSolution
		Debug|Any CPU = Debug|Any CPU
		Release|Any CPU = Release|Any CPU
	EndGlobalSection
	GlobalSection(ProjectConfigurationPlatforms) = postSolution
		{306CF89A-E8C6-4516-9DC8-E81DA2741F05}.Debug|Any CPU.ActiveCfg = Debug|Any CPU
		{306CF89A-E8C6-4516-9DC8-E81DA2741F05}.Debug|Any CPU.Build.0 = Debug|Any CPU
		{306CF89A-E8C6-4516-9DC8-E81DA2741F05}.Release|Any CPU.ActiveCfg = Release|Any CPU
		{306CF89A-E8C6-4516-9DC8-E81DA2741F05}.Release|Any CPU.Build.0 = Release|Any CPU
		{DB9E376E-49A2-4A04-A39F-AB94D501835A}.Debug|Any CPU.ActiveCfg = Debug|Any CPU
		{DB9E376E-49A2-4A04-A39F-AB94D501835A}.Debug|Any CPU.Build.0 = Debug|Any CPU
		{DB9E376E-49A2-4A04-A39F-AB94D501835A}.Release|Any CPU.ActiveCfg = Release|Any CPU
		{DB9E376E-49A2-4A04-A39F-AB94D501835A}.Release|Any CPU.Build.0 = Release|Any CPU
		{8255810A-FAC9-4999-81F8-7F4E67CD4C12}.Debug|Any CPU.ActiveCfg = Debug|Any CPU
		{8255810A-FAC9-4999-81F8-7F4E67CD4C12}.Debug|Any CPU.Build.0 = Debug|Any CPU
		{8255810A-FAC9-4999-81F8-7F4E67CD4C12}.Release|Any CPU.ActiveCfg = Release|Any CPU
		{8255810A-FAC9-4999-81F8-7F4E67CD4C12}.Release|Any CPU.Build.0 = Release|Any CPU
		{05B5615F-8394-4E0F-B0F7-5399D1509D7F}.Debug|Any CPU.ActiveCfg = Debug|Any CPU
		{05B5615F-8394-4E0F-B0F7-5399D1509D7F}.Debug|Any CPU.Build.0 = Debug|Any CPU
		{05B5615F-8394-4E0F-B0F7-5399D1509D7F}.Release|Any CPU.ActiveCfg = Release|Any CPU
		{05B5615F-8394-4E0F-B0F7-5399D1509D7F}.Release|Any CPU.Build.0 = Release|Any CPU
		{9D45C7A3-6473-4E40-8A5E-54D58A2C5570}.Debug|Any CPU.ActiveCfg = Debug|Any CPU
		{9D45C7A3-6473-4E40-8A5E-54D58A2C5570}.Debug|Any CPU.Build.0 = Debug|Any CPU
		{9D45C7A3-6473-4E40-8A5E-54D58A2C5570}.Release|Any CPU.ActiveCfg = Release|Any CPU
		{9D45C7A3-6473-4E40-8A5E-54D58A2C5570}.Release|Any CPU.Build.0 = Release|Any CPU
		{673205D2-2519-4775-8997-89296BEF6E21}.Debug|Any CPU.ActiveCfg = Debug|Any CPU
		{673205D2-2519-4775-8997-89296BEF6E21}.Debug|Any CPU.Build.0 = Debug|Any CPU
		{673205D2-2519-4775-8997-89296BEF6E21}.Release|Any CPU.ActiveCfg = Release|Any CPU
		{673205D2-2519-4775-8997-89296BEF6E21}.Release|Any CPU.Build.0 = Release|Any CPU
		{8E1DC375-78B8-4610-BE16-A258269736F8}.Debug|Any CPU.ActiveCfg = Debug|Any CPU
		{8E1DC375-78B8-4610-BE16-A258269736F8}.Debug|Any CPU.Build.0 = Debug|Any CPU
		{8E1DC375-78B8-4610-BE16-A258269736F8}.Release|Any CPU.ActiveCfg = Release|Any CPU
		{8E1DC375-78B8-4610-BE16-A258269736F8}.Release|Any CPU.Build.0 = Release|Any CPU
	EndGlobalSection
	GlobalSection(SolutionProperties) = preSolution
		HideSolutionNode = FALSE
	EndGlobalSection
	GlobalSection(ExtensibilityGlobals) = postSolution
		SolutionGuid = {CCAFE342-CD00-4089-A276-EB068E2173C4}
	EndGlobalSection
EndGlobal
